// !$*UTF8*$!
{
	archiveVersion = 1;
	classes = {
	};
	objectVersion = 46;
	objects = {

/* Begin PBXBuildFile section */
		0DB86B62A58E25D9BF0C3109 /* libPods-escondite.a in Frameworks */ = {isa = PBXBuildFile; fileRef = C0E98E57AD4D41B61294D511 /* libPods-escondite.a */; };
		C5DA320B1DB3D9C2007DD744 /* AppDelegate.swift in Sources */ = {isa = PBXBuildFile; fileRef = C5DA320A1DB3D9C2007DD744 /* AppDelegate.swift */; };
		C5DA320D1DB3D9C2007DD744 /* ViewController.swift in Sources */ = {isa = PBXBuildFile; fileRef = C5DA320C1DB3D9C2007DD744 /* ViewController.swift */; };
		C5DA32101DB3D9C2007DD744 /* Main.storyboard in Resources */ = {isa = PBXBuildFile; fileRef = C5DA320E1DB3D9C2007DD744 /* Main.storyboard */; };
		C5DA32121DB3D9C2007DD744 /* Assets.xcassets in Resources */ = {isa = PBXBuildFile; fileRef = C5DA32111DB3D9C2007DD744 /* Assets.xcassets */; };
		C5DA32151DB3D9C2007DD744 /* LaunchScreen.storyboard in Resources */ = {isa = PBXBuildFile; fileRef = C5DA32131DB3D9C2007DD744 /* LaunchScreen.storyboard */; };
/* End PBXBuildFile section */

/* Begin PBXFileReference section */
		04FEADE2012A400254C6D9D3 /* Pods-escondite.release.xcconfig */ = {isa = PBXFileReference; includeInIndex = 1; lastKnownFileType = text.xcconfig; name = "Pods-escondite.release.xcconfig"; path = "Pods/Target Support Files/Pods-escondite/Pods-escondite.release.xcconfig"; sourceTree = "<group>"; };
		37C3072F5AE5785E900AD656 /* Pods-escondite.debug.xcconfig */ = {isa = PBXFileReference; includeInIndex = 1; lastKnownFileType = text.xcconfig; name = "Pods-escondite.debug.xcconfig"; path = "Pods/Target Support Files/Pods-escondite/Pods-escondite.debug.xcconfig"; sourceTree = "<group>"; };
		C0E98E57AD4D41B61294D511 /* libPods-escondite.a */ = {isa = PBXFileReference; explicitFileType = archive.ar; includeInIndex = 0; path = "libPods-escondite.a"; sourceTree = BUILT_PRODUCTS_DIR; };
		C5DA32071DB3D9C2007DD744 /* escondite.app */ = {isa = PBXFileReference; explicitFileType = wrapper.application; includeInIndex = 0; path = escondite.app; sourceTree = BUILT_PRODUCTS_DIR; };
		C5DA320A1DB3D9C2007DD744 /* AppDelegate.swift */ = {isa = PBXFileReference; lastKnownFileType = sourcecode.swift; path = AppDelegate.swift; sourceTree = "<group>"; };
		C5DA320C1DB3D9C2007DD744 /* ViewController.swift */ = {isa = PBXFileReference; lastKnownFileType = sourcecode.swift; path = ViewController.swift; sourceTree = "<group>"; };
		C5DA320F1DB3D9C2007DD744 /* Base */ = {isa = PBXFileReference; lastKnownFileType = file.storyboard; name = Base; path = Base.lproj/Main.storyboard; sourceTree = "<group>"; };
		C5DA32111DB3D9C2007DD744 /* Assets.xcassets */ = {isa = PBXFileReference; lastKnownFileType = folder.assetcatalog; path = Assets.xcassets; sourceTree = "<group>"; };
		C5DA32141DB3D9C2007DD744 /* Base */ = {isa = PBXFileReference; lastKnownFileType = file.storyboard; name = Base; path = Base.lproj/LaunchScreen.storyboard; sourceTree = "<group>"; };
		C5DA32161DB3D9C2007DD744 /* Info.plist */ = {isa = PBXFileReference; lastKnownFileType = text.plist.xml; path = Info.plist; sourceTree = "<group>"; };
/* End PBXFileReference section */

/* Begin PBXFrameworksBuildPhase section */
		C5DA32041DB3D9C1007DD744 /* Frameworks */ = {
			isa = PBXFrameworksBuildPhase;
			buildActionMask = 2147483647;
			files = (
				0DB86B62A58E25D9BF0C3109 /* libPods-escondite.a in Frameworks */,
			);
			runOnlyForDeploymentPostprocessing = 0;
		};
/* End PBXFrameworksBuildPhase section */

/* Begin PBXGroup section */
		01ECD79489165908AEEFD7E4 /* Frameworks */ = {
			isa = PBXGroup;
			children = (
				C0E98E57AD4D41B61294D511 /* libPods-escondite.a */,
			);
			name = Frameworks;
			sourceTree = "<group>";
		};
		814D1D02C93466E64E9D5594 /* Pods */ = {
			isa = PBXGroup;
			children = (
				37C3072F5AE5785E900AD656 /* Pods-escondite.debug.xcconfig */,
				04FEADE2012A400254C6D9D3 /* Pods-escondite.release.xcconfig */,
			);
			name = Pods;
			sourceTree = "<group>";
		};
		C5DA31FE1DB3D9C1007DD744 = {
			isa = PBXGroup;
			children = (
				C5DA32091DB3D9C2007DD744 /* escondite */,
				C5DA32081DB3D9C2007DD744 /* Products */,
				814D1D02C93466E64E9D5594 /* Pods */,
				01ECD79489165908AEEFD7E4 /* Frameworks */,
			);
			sourceTree = "<group>";
		};
		C5DA32081DB3D9C2007DD744 /* Products */ = {
			isa = PBXGroup;
			children = (
				C5DA32071DB3D9C2007DD744 /* escondite.app */,
			);
			name = Products;
			sourceTree = "<group>";
		};
		C5DA32091DB3D9C2007DD744 /* escondite */ = {
			isa = PBXGroup;
			children = (
				C5DA320A1DB3D9C2007DD744 /* AppDelegate.swift */,
				C5DA320C1DB3D9C2007DD744 /* ViewController.swift */,
				C5DA320E1DB3D9C2007DD744 /* Main.storyboard */,
				C5DA32111DB3D9C2007DD744 /* Assets.xcassets */,
				C5DA32131DB3D9C2007DD744 /* LaunchScreen.storyboard */,
				C5DA32161DB3D9C2007DD744 /* Info.plist */,
			);
			path = escondite;
			sourceTree = "<group>";
		};
/* End PBXGroup section */

/* Begin PBXNativeTarget section */
		C5DA32061DB3D9C1007DD744 /* escondite */ = {
			isa = PBXNativeTarget;
			buildConfigurationList = C5DA32191DB3D9C2007DD744 /* Build configuration list for PBXNativeTarget "escondite" */;
			buildPhases = (
				D7FB5BD2A4C6B9D0689239BF /* [CP] Check Pods Manifest.lock */,
				C5DA32031DB3D9C1007DD744 /* Sources */,
				C5DA32041DB3D9C1007DD744 /* Frameworks */,
				C5DA32051DB3D9C1007DD744 /* Resources */,
				184825D226E4C67E0EA4587D /* [CP] Embed Pods Frameworks */,
				5CFA5A7E16FF665B1906BBA9 /* [CP] Copy Pods Resources */,
			);
			buildRules = (
			);
			dependencies = (
			);
			name = escondite;
			productName = escondite;
			productReference = C5DA32071DB3D9C2007DD744 /* escondite.app */;
			productType = "com.apple.product-type.application";
		};
/* End PBXNativeTarget section */

/* Begin PBXProject section */
		C5DA31FF1DB3D9C1007DD744 /* Project object */ = {
			isa = PBXProject;
			attributes = {
				LastSwiftUpdateCheck = 0800;
				LastUpgradeCheck = 0800;
				ORGANIZATIONNAME = "cerebro de plastilina";
				TargetAttributes = {
					C5DA32061DB3D9C1007DD744 = {
						CreatedOnToolsVersion = 8.0;
						DevelopmentTeam = F36LF7X844;
						ProvisioningStyle = Automatic;
					};
				};
			};
			buildConfigurationList = C5DA32021DB3D9C1007DD744 /* Build configuration list for PBXProject "escondite" */;
			compatibilityVersion = "Xcode 3.2";
			developmentRegion = English;
			hasScannedForEncodings = 0;
			knownRegions = (
				en,
				Base,
			);
			mainGroup = C5DA31FE1DB3D9C1007DD744;
			productRefGroup = C5DA32081DB3D9C2007DD744 /* Products */;
			projectDirPath = "";
			projectRoot = "";
			targets = (
				C5DA32061DB3D9C1007DD744 /* escondite */,
			);
		};
/* End PBXProject section */

/* Begin PBXResourcesBuildPhase section */
		C5DA32051DB3D9C1007DD744 /* Resources */ = {
			isa = PBXResourcesBuildPhase;
			buildActionMask = 2147483647;
			files = (
				C5DA32151DB3D9C2007DD744 /* LaunchScreen.storyboard in Resources */,
				C5DA32121DB3D9C2007DD744 /* Assets.xcassets in Resources */,
				C5DA32101DB3D9C2007DD744 /* Main.storyboard in Resources */,
			);
			runOnlyForDeploymentPostprocessing = 0;
		};
/* End PBXResourcesBuildPhase section */

/* Begin PBXShellScriptBuildPhase section */
		184825D226E4C67E0EA4587D /* [CP] Embed Pods Frameworks */ = {
			isa = PBXShellScriptBuildPhase;
			buildActionMask = 2147483647;
			files = (
			);
			inputPaths = (
			);
			name = "[CP] Embed Pods Frameworks";
			outputPaths = (
			);
			runOnlyForDeploymentPostprocessing = 0;
			shellPath = /bin/sh;
			shellScript = "\"${SRCROOT}/Pods/Target Support Files/Pods-escondite/Pods-escondite-frameworks.sh\"\n";
			showEnvVarsInLog = 0;
		};
		5CFA5A7E16FF665B1906BBA9 /* [CP] Copy Pods Resources */ = {
			isa = PBXShellScriptBuildPhase;
			buildActionMask = 2147483647;
			files = (
			);
			inputPaths = (
			);
			name = "[CP] Copy Pods Resources";
			outputPaths = (
			);
			runOnlyForDeploymentPostprocessing = 0;
			shellPath = /bin/sh;
			shellScript = "\"${SRCROOT}/Pods/Target Support Files/Pods-escondite/Pods-escondite-resources.sh\"\n";
			showEnvVarsInLog = 0;
		};
		D7FB5BD2A4C6B9D0689239BF /* [CP] Check Pods Manifest.lock */ = {
			isa = PBXShellScriptBuildPhase;
			buildActionMask = 2147483647;
			files = (
			);
			inputPaths = (
			);
			name = "[CP] Check Pods Manifest.lock";
			outputPaths = (
			);
			runOnlyForDeploymentPostprocessing = 0;
			shellPath = /bin/sh;
			shellScript = "diff \"${PODS_ROOT}/../Podfile.lock\" \"${PODS_ROOT}/Manifest.lock\" > /dev/null\nif [[ $? != 0 ]] ; then\n    cat << EOM\nerror: The sandbox is not in sync with the Podfile.lock. Run 'pod install' or update your CocoaPods installation.\nEOM\n    exit 1\nfi\n";
			showEnvVarsInLog = 0;
		};
/* End PBXShellScriptBuildPhase section */

/* Begin PBXSourcesBuildPhase section */
		C5DA32031DB3D9C1007DD744 /* Sources */ = {
			isa = PBXSourcesBuildPhase;
			buildActionMask = 2147483647;
			files = (
				C5DA320D1DB3D9C2007DD744 /* ViewController.swift in Sources */,
				C5DA320B1DB3D9C2007DD744 /* AppDelegate.swift in Sources */,
			);
			runOnlyForDeploymentPostprocessing = 0;
		};
/* End PBXSourcesBuildPhase section */

/* Begin PBXVariantGroup section */
		C5DA320E1DB3D9C2007DD744 /* Main.storyboard */ = {
			isa = PBXVariantGroup;
			children = (
				C5DA320F1DB3D9C2007DD744 /* Base */,
			);
			name = Main.storyboard;
			sourceTree = "<group>";
		};
		C5DA32131DB3D9C2007DD744 /* LaunchScreen.storyboard */ = {
			isa = PBXVariantGroup;
			children = (
				C5DA32141DB3D9C2007DD744 /* Base */,
			);
			name = LaunchScreen.storyboard;
			sourceTree = "<group>";
		};
/* End PBXVariantGroup section */

/* Begin XCBuildConfiguration section */
		C5DA32171DB3D9C2007DD744 /* Debug */ = {
			isa = XCBuildConfiguration;
			buildSettings = {
				ALWAYS_SEARCH_USER_PATHS = NO;
				CLANG_ANALYZER_NONNULL = YES;
				CLANG_CXX_LANGUAGE_STANDARD = "gnu++0x";
				CLANG_CXX_LIBRARY = "libc++";
				CLANG_ENABLE_MODULES = YES;
				CLANG_ENABLE_OBJC_ARC = YES;
				CLANG_WARN_BOOL_CONVERSION = YES;
				CLANG_WARN_CONSTANT_CONVERSION = YES;
				CLANG_WARN_DIRECT_OBJC_ISA_USAGE = YES_ERROR;
				CLANG_WARN_DOCUMENTATION_COMMENTS = YES;
				CLANG_WARN_EMPTY_BODY = YES;
				CLANG_WARN_ENUM_CONVERSION = YES;
				CLANG_WARN_INFINITE_RECURSION = YES;
				CLANG_WARN_INT_CONVERSION = YES;
				CLANG_WARN_OBJC_ROOT_CLASS = YES_ERROR;
				CLANG_WARN_SUSPICIOUS_MOVES = YES;
				CLANG_WARN_UNREACHABLE_CODE = YES;
				CLANG_WARN__DUPLICATE_METHOD_MATCH = YES;
				"CODE_SIGN_IDENTITY[sdk=iphoneos*]" = "iPhone Developer";
				COPY_PHASE_STRIP = NO;
				DEBUG_INFORMATION_FORMAT = dwarf;
				ENABLE_STRICT_OBJC_MSGSEND = YES;
				ENABLE_TESTABILITY = YES;
				GCC_C_LANGUAGE_STANDARD = gnu99;
				GCC_DYNAMIC_NO_PIC = NO;
				GCC_NO_COMMON_BLOCKS = YES;
				GCC_OPTIMIZATION_LEVEL = 0;
				GCC_PREPROCESSOR_DEFINITIONS = (
					"DEBUG=1",
					"$(inherited)",
				);
				GCC_WARN_64_TO_32_BIT_CONVERSION = YES;
				GCC_WARN_ABOUT_RETURN_TYPE = YES_ERROR;
				GCC_WARN_UNDECLARED_SELECTOR = YES;
				GCC_WARN_UNINITIALIZED_AUTOS = YES_AGGRESSIVE;
				GCC_WARN_UNUSED_FUNCTION = YES;
				GCC_WARN_UNUSED_VARIABLE = YES;
				IPHONEOS_DEPLOYMENT_TARGET = 10.0;
				MTL_ENABLE_DEBUG_INFO = YES;
				ONLY_ACTIVE_ARCH = YES;
				SDKROOT = iphoneos;
				SWIFT_ACTIVE_COMPILATION_CONDITIONS = DEBUG;
				SWIFT_OPTIMIZATION_LEVEL = "-Onone";
			};
			name = Debug;
		};
		C5DA32181DB3D9C2007DD744 /* Release */ = {
			isa = XCBuildConfiguration;
			buildSettings = {
				ALWAYS_SEARCH_USER_PATHS = NO;
				CLANG_ANALYZER_NONNULL = YES;
				CLANG_CXX_LANGUAGE_STANDARD = "gnu++0x";
				CLANG_CXX_LIBRARY = "libc++";
				CLANG_ENABLE_MODULES = YES;
				CLANG_ENABLE_OBJC_ARC = YES;
				CLANG_WARN_BOOL_CONVERSION = YES;
				CLANG_WARN_CONSTANT_CONVERSION = YES;
				CLANG_WARN_DIRECT_OBJC_ISA_USAGE = YES_ERROR;
				CLANG_WARN_DOCUMENTATION_COMMENTS = YES;
				CLANG_WARN_EMPTY_BODY = YES;
				CLANG_WARN_ENUM_CONVERSION = YES;
				CLANG_WARN_INFINITE_RECURSION = YES;
				CLANG_WARN_INT_CONVERSION = YES;
				CLANG_WARN_OBJC_ROOT_CLASS = YES_ERROR;
				CLANG_WARN_SUSPICIOUS_MOVES = YES;
				CLANG_WARN_UNREACHABLE_CODE = YES;
				CLANG_WARN__DUPLICATE_METHOD_MATCH = YES;
				"CODE_SIGN_IDENTITY[sdk=iphoneos*]" = "iPhone Developer";
				COPY_PHASE_STRIP = NO;
				DEBUG_INFORMATION_FORMAT = "dwarf-with-dsym";
				ENABLE_NS_ASSERTIONS = NO;
				ENABLE_STRICT_OBJC_MSGSEND = YES;
				GCC_C_LANGUAGE_STANDARD = gnu99;
				GCC_NO_COMMON_BLOCKS = YES;
				GCC_WARN_64_TO_32_BIT_CONVERSION = YES;
				GCC_WARN_ABOUT_RETURN_TYPE = YES_ERROR;
				GCC_WARN_UNDECLARED_SELECTOR = YES;
				GCC_WARN_UNINITIALIZED_AUTOS = YES_AGGRESSIVE;
				GCC_WARN_UNUSED_FUNCTION = YES;
				GCC_WARN_UNUSED_VARIABLE = YES;
				IPHONEOS_DEPLOYMENT_TARGET = 10.0;
				MTL_ENABLE_DEBUG_INFO = NO;
				SDKROOT = iphoneos;
				SWIFT_OPTIMIZATION_LEVEL = "-Owholemodule";
				VALIDATE_PRODUCT = YES;
			};
			name = Release;
		};
		C5DA321A1DB3D9C2007DD744 /* Debug */ = {
			isa = XCBuildConfiguration;
			baseConfigurationReference = 37C3072F5AE5785E900AD656 /* Pods-escondite.debug.xcconfig */;
			buildSettings = {
				ASSETCATALOG_COMPILER_APPICON_NAME = AppIcon;
				DEVELOPMENT_TEAM = F36LF7X844;
				INFOPLIST_FILE = escondite/Info.plist;
				LD_RUNPATH_SEARCH_PATHS = "$(inherited) @executable_path/Frameworks";
				PRODUCT_BUNDLE_IDENTIFIER = net.adapar.escondite.swift;
				PRODUCT_NAME = "$(TARGET_NAME)";
				SWIFT_VERSION = 3.0;
			};
			name = Debug;
		};
		C5DA321B1DB3D9C2007DD744 /* Release */ = {
			isa = XCBuildConfiguration;
			baseConfigurationReference = 04FEADE2012A400254C6D9D3 /* Pods-escondite.release.xcconfig */;
			buildSettings = {
				ASSETCATALOG_COMPILER_APPICON_NAME = AppIcon;
				DEVELOPMENT_TEAM = F36LF7X844;
				INFOPLIST_FILE = escondite/Info.plist;
				LD_RUNPATH_SEARCH_PATHS = "$(inherited) @executable_path/Frameworks";
				PRODUCT_BUNDLE_IDENTIFIER = net.adapar.escondite.swift;
				PRODUCT_NAME = "$(TARGET_NAME)";
				SWIFT_VERSION = 3.0;
			};
			name = Release;
		};
/* End XCBuildConfiguration section */

/* Begin XCConfigurationList section */
		C5DA32021DB3D9C1007DD744 /* Build configuration list for PBXProject "escondite" */ = {
			isa = XCConfigurationList;
			buildConfigurations = (
				C5DA32171DB3D9C2007DD744 /* Debug */,
				C5DA32181DB3D9C2007DD744 /* Release */,
			);
			defaultConfigurationIsVisible = 0;
			defaultConfigurationName = Release;
		};
		C5DA32191DB3D9C2007DD744 /* Build configuration list for PBXNativeTarget "escondite" */ = {
			isa = XCConfigurationList;
			buildConfigurations = (
				C5DA321A1DB3D9C2007DD744 /* Debug */,
				C5DA321B1DB3D9C2007DD744 /* Release */,
			);
			defaultConfigurationIsVisible = 0;
			defaultConfigurationName = Release;
		};
/* End XCConfigurationList section */
	};
	rootObject = C5DA31FF1DB3D9C1007DD744 /* Project object */;
}
